Microsoft Visual Studio Solution File, Format Version 10.00
# Visual Studio 2008

Project("{75649288-9898-FCAD-5D6F-A2F4FAC81C6C}") = "TCV", "TCV.csproj", "{408100B2-C4CF-DB4E-6372-9C2E296C70AD}"
EndProject
Global
	GlobalSection(SolutionConfigurationPlatforms) = preSolution
		Debug|Any CPU = Debug|Any CPU
		Release|Any CPU = Release|Any CPU
	EndGlobalSection
	GlobalSection(ProjectConfigurationPlatforms) = postSolution
		{408100B2-C4CF-DB4E-6372-9C2E296C70AD}.Debug|Any CPU.ActiveCfg = Debug|Any CPU
		{408100B2-C4CF-DB4E-6372-9C2E296C70AD}.Debug|Any CPU.Build.0 = Debug|Any CPU
		{408100B2-C4CF-DB4E-6372-9C2E296C70AD}.Release|Any CPU.ActiveCfg = Release|Any CPU
		{408100B2-C4CF-DB4E-6372-9C2E296C70AD}.Release|Any CPU.Build.0 = Release|Any CPU
	EndGlobalSection
	GlobalSection(SolutionProperties) = preSolution
		HideSolutionNode = FALSE
	EndGlobalSection
	
EndGlobal
